
Microsoft Visual Studio Solution File, Format Version 12.00
# Visual Studio Version 17
VisualStudioVersion = 17.6.33829.357
MinimumVisualStudioVersion = 10.0.40219.1
Project("{FAE04EC0-301F-11D3-BF4B-00C04F79EFBC}") = "IRTRAsinMVVM.Android", "IRTRAsinMVVM\IRTRAsinMVVM.Android\IRTRAsinMVVM.Android.csproj", "{0075AD30-93B6-4B3A-835E-A6D0E60EC7F1}"
EndProject
Project("{FAE04EC0-301F-11D3-BF4B-00C04F79EFBC}") = "IRTRAsinMVVM.iOS", "IRTRAsinMVVM\IRTRAsinMVVM.iOS\IRTRAsinMVVM.iOS.csproj", "{968AAF5D-6FEF-4DA6-9FEB-19A7BB7103C4}"
EndProject
Project("{FAE04EC0-301F-11D3-BF4B-00C04F79EFBC}") = "IRTRAsinMVVM", "IRTRAsinMVVM\IRTRAsinMVVM\IRTRAsinMVVM.csproj", "{5DEC4EBD-B855-4EEE-882F-B0DB578416CF}"
EndProject
Global
	GlobalSection(SolutionConfigurationPlatforms) = preSolution
		Debug|Any CPU = Debug|Any CPU
		Debug|iPhone = Debug|iPhone
		Debug|iPhoneSimulator = Debug|iPhoneSimulator
		Release|Any CPU = Release|Any CPU
		Release|iPhone = Release|iPhone
		Release|iPhoneSimulator = Release|iPhoneSimulator
	EndGlobalSection
	GlobalSection(ProjectConfigurationPlatforms) = postSolution
		{0075AD30-93B6-4B3A-835E-A6D0E60EC7F1}.Debug|Any CPU.ActiveCfg = Debug|Any CPU
		{0075AD30-93B6-4B3A-835E-A6D0E60EC7F1}.Debug|Any CPU.Build.0 = Debug|Any CPU
		{0075AD30-93B6-4B3A-835E-A6D0E60EC7F1}.Debug|Any CPU.Deploy.0 = Debug|Any CPU
		{0075AD30-93B6-4B3A-835E-A6D0E60EC7F1}.Debug|iPhone.ActiveCfg = Debug|Any CPU
		{0075AD30-93B6-4B3A-835E-A6D0E60EC7F1}.Debug|iPhone.Build.0 = Debug|Any CPU
		{0075AD30-93B6-4B3A-835E-A6D0E60EC7F1}.Debug|iPhone.Deploy.0 = Debug|Any CPU
		{0075AD30-93B6-4B3A-835E-A6D0E60EC7F1}.Debug|iPhoneSimulator.ActiveCfg = Debug|Any CPU
		{0075AD30-93B6-4B3A-835E-A6D0E60EC7F1}.Debug|iPhoneSimulator.Build.0 = Debug|Any CPU
		{0075AD30-93B6-4B3A-835E-A6D0E60EC7F1}.Debug|iPhoneSimulator.Deploy.0 = Debug|Any CPU
		{0075AD30-93B6-4B3A-835E-A6D0E60EC7F1}.Release|Any CPU.ActiveCfg = Release|Any CPU
		{0075AD30-93B6-4B3A-835E-A6D0E60EC7F1}.Release|Any CPU.Build.0 = Release|Any CPU
		{0075AD30-93B6-4B3A-835E-A6D0E60EC7F1}.Release|Any CPU.Deploy.0 = Release|Any CPU
		{0075AD30-93B6-4B3A-835E-A6D0E60EC7F1}.Release|iPhone.ActiveCfg = Release|Any CPU
		{0075AD30-93B6-4B3A-835E-A6D0E60EC7F1}.Release|iPhone.Build.0 = Release|Any CPU
		{0075AD30-93B6-4B3A-835E-A6D0E60EC7F1}.Release|iPhone.Deploy.0 = Release|Any CPU
		{0075AD30-93B6-4B3A-835E-A6D0E60EC7F1}.Release|iPhoneSimulator.ActiveCfg = Release|Any CPU
		{0075AD30-93B6-4B3A-835E-A6D0E60EC7F1}.Release|iPhoneSimulator.Build.0 = Release|Any CPU
		{0075AD30-93B6-4B3A-835E-A6D0E60EC7F1}.Release|iPhoneSimulator.Deploy.0 = Release|Any CPU
		{968AAF5D-6FEF-4DA6-9FEB-19A7BB7103C4}.Debug|Any CPU.ActiveCfg = Debug|iPhone
		{968AAF5D-6FEF-4DA6-9FEB-19A7BB7103C4}.Debug|Any CPU.Build.0 = Debug|iPhone
		{968AAF5D-6FEF-4DA6-9FEB-19A7BB7103C4}.Debug|Any CPU.Deploy.0 = Debug|iPhone
		{968AAF5D-6FEF-4DA6-9FEB-19A7BB7103C4}.Debug|iPhone.ActiveCfg = Debug|iPhone
		{968AAF5D-6FEF-4DA6-9FEB-19A7BB7103C4}.Debug|iPhone.Build.0 = Debug|iPhone
		{968AAF5D-6FEF-4DA6-9FEB-19A7BB7103C4}.Debug|iPhone.Deploy.0 = Debug|iPhone
		{968AAF5D-6FEF-4DA6-9FEB-19A7BB7103C4}.Debug|iPhoneSimulator.ActiveCfg = Debug|iPhoneSimulator
		{968AAF5D-6FEF-4DA6-9FEB-19A7BB7103C4}.Debug|iPhoneSimulator.Build.0 = Debug|iPhoneSimulator
		{968AAF5D-6FEF-4DA6-9FEB-19A7BB7103C4}.Debug|iPhoneSimulator.Deploy.0 = Debug|iPhoneSimulator
		{968AAF5D-6FEF-4DA6-9FEB-19A7BB7103C4}.Release|Any CPU.ActiveCfg = Release|iPhoneSimulator
		{968AAF5D-6FEF-4DA6-9FEB-19A7BB7103C4}.Release|Any CPU.Build.0 = Release|iPhoneSimulator
		{968AAF5D-6FEF-4DA6-9FEB-19A7BB7103C4}.Release|Any CPU.Deploy.0 = Release|iPhoneSimulator
		{968AAF5D-6FEF-4DA6-9FEB-19A7BB7103C4}.Release|iPhone.ActiveCfg = Release|iPhone
		{968AAF5D-6FEF-4DA6-9FEB-19A7BB7103C4}.Release|iPhone.Build.0 = Release|iPhone
		{968AAF5D-6FEF-4DA6-9FEB-19A7BB7103C4}.Release|iPhone.Deploy.0 = Release|iPhone
		{968AAF5D-6FEF-4DA6-9FEB-19A7BB7103C4}.Release|iPhoneSimulator.ActiveCfg = Release|iPhoneSimulator
		{968AAF5D-6FEF-4DA6-9FEB-19A7BB7103C4}.Release|iPhoneSimulator.Build.0 = Release|iPhoneSimulator
		{968AAF5D-6FEF-4DA6-9FEB-19A7BB7103C4}.Release|iPhoneSimulator.Deploy.0 = Release|iPhoneSimulator
		{5DEC4EBD-B855-4EEE-882F-B0DB578416CF}.Debug|Any CPU.ActiveCfg = Debug|Any CPU
		{5DEC4EBD-B855-4EEE-882F-B0DB578416CF}.Debug|Any CPU.Build.0 = Debug|Any CPU
		{5DEC4EBD-B855-4EEE-882F-B0DB578416CF}.Debug|Any CPU.Deploy.0 = Debug|Any CPU
		{5DEC4EBD-B855-4EEE-882F-B0DB578416CF}.Debug|iPhone.ActiveCfg = Debug|Any CPU
		{5DEC4EBD-B855-4EEE-882F-B0DB578416CF}.Debug|iPhone.Build.0 = Debug|Any CPU
		{5DEC4EBD-B855-4EEE-882F-B0DB578416CF}.Debug|iPhone.Deploy.0 = Debug|Any CPU
		{5DEC4EBD-B855-4EEE-882F-B0DB578416CF}.Debug|iPhoneSimulator.ActiveCfg = Debug|Any CPU
		{5DEC4EBD-B855-4EEE-882F-B0DB578416CF}.Debug|iPhoneSimulator.Build.0 = Debug|Any CPU
		{5DEC4EBD-B855-4EEE-882F-B0DB578416CF}.Debug|iPhoneSimulator.Deploy.0 = Debug|Any CPU
		{5DEC4EBD-B855-4EEE-882F-B0DB578416CF}.Release|Any CPU.ActiveCfg = Release|Any CPU
		{5DEC4EBD-B855-4EEE-882F-B0DB578416CF}.Release|Any CPU.Build.0 = Release|Any CPU
		{5DEC4EBD-B855-4EEE-882F-B0DB578416CF}.Release|Any CPU.Deploy.0 = Release|Any CPU
		{5DEC4EBD-B855-4EEE-882F-B0DB578416CF}.Release|iPhone.ActiveCfg = Release|Any CPU
		{5DEC4EBD-B855-4EEE-882F-B0DB578416CF}.Release|iPhone.Build.0 = Release|Any CPU
		{5DEC4EBD-B855-4EEE-882F-B0DB578416CF}.Release|iPhone.Deploy.0 = Release|Any CPU
		{5DEC4EBD-B855-4EEE-882F-B0DB578416CF}.Release|iPhoneSimulator.ActiveCfg = Release|Any CPU
		{5DEC4EBD-B855-4EEE-882F-B0DB578416CF}.Release|iPhoneSimulator.Build.0 = Release|Any CPU
		{5DEC4EBD-B855-4EEE-882F-B0DB578416CF}.Release|iPhoneSimulator.Deploy.0 = Release|Any CPU
	EndGlobalSection
	GlobalSection(SolutionProperties) = preSolution
		HideSolutionNode = FALSE
	EndGlobalSection
	GlobalSection(ExtensibilityGlobals) = postSolution
		SolutionGuid = {0521459B-F509-4D5C-9355-1928AEEF5ED6}
	EndGlobalSection
EndGlobal
